
Microsoft Visual Studio Solution File, Format Version 12.00
# Visual Studio 15
VisualStudioVersion = 15.0.28307.645
MinimumVisualStudioVersion = 10.0.40219.1
Project("{FAE04EC0-301F-11D3-BF4B-00C04F79EFBC}") = "Mashloader", "Mashloader\Mashloader.csproj", "{AC4F5908-C25B-4E30-86EE-EAFB87A7BCC7}"
EndProject
Global
	GlobalSection(SolutionConfigurationPlatforms) = preSolution
		Debug|Any CPU = Debug|Any CPU
		Release|Any CPU = Release|Any CPU
	EndGlobalSection
	GlobalSection(ProjectConfigurationPlatforms) = postSolution
		{AC4F5908-C25B-4E30-86EE-EAFB87A7BCC7}.Debug|Any CPU.ActiveCfg = Debug|Any CPU
		{AC4F5908-C25B-4E30-86EE-EAFB87A7BCC7}.Debug|Any CPU.Build.0 = Debug|Any CPU
		{AC4F5908-C25B-4E30-86EE-EAFB87A7BCC7}.Release|Any CPU.ActiveCfg = Release|Any CPU
		{AC4F5908-C25B-4E30-86EE-EAFB87A7BCC7}.Release|Any CPU.Build.0 = Release|Any CPU
	EndGlobalSection
	GlobalSection(SolutionProperties) = preSolution
		HideSolutionNode = FALSE
	EndGlobalSection
	GlobalSection(ExtensibilityGlobals) = postSolution
		SolutionGuid = {D5ADF2A6-7558-47A3-A29E-7502CBFC17CF}
	EndGlobalSection
EndGlobal
